
Microsoft Visual Studio Solution File, Format Version 12.00
# Visual Studio Version 16
VisualStudioVersion = 16.0.30204.135
MinimumVisualStudioVersion = 15.0.26124.0
Project("{6EC3EE1D-3C4E-46DD-8F32-0CC8E7565705}") = "GameLib", "GameLib\GameLib.fsproj", "{F98CA334-C050-421A-AFE6-A1C23C818346}"
EndProject
Project("{6EC3EE1D-3C4E-46DD-8F32-0CC8E7565705}") = "GameLibDesktopFramework", "GameLibDesktopFramework\GameLibDesktopFramework.fsproj", "{8B83A3F9-74DA-400B-AFCC-EA80C1748FEA}"
EndProject
Project("{6EC3EE1D-3C4E-46DD-8F32-0CC8E7565705}") = "FortAssaultEngine", "FortAssaultEngine\FortAssaultEngine.fsproj", "{70B9D5FF-7A10-43A7-BC6C-7A38FE08FF25}"
EndProject
Project("{6EC3EE1D-3C4E-46DD-8F32-0CC8E7565705}") = "FortAssaultDesktop", "FortAssaultDesktop\FortAssaultDesktop.fsproj", "{8B7E2923-9C25-4A24-B3F4-5323C88EDB4A}"
EndProject
Project("{6EC3EE1D-3C4E-46DD-8F32-0CC8E7565705}") = "GameLibTests", "GameLibTests\GameLibTests.fsproj", "{F4D216BC-A2D8-47EB-972C-D3030F6BB081}"
EndProject
Project("{6EC3EE1D-3C4E-46DD-8F32-0CC8E7565705}") = "XunitExtensionsLib", "XunitExtensionsLib\XunitExtensionsLib.fsproj", "{AEA3530F-9C15-41FA-B8CA-C00F59C284CE}"
EndProject
Project("{6EC3EE1D-3C4E-46DD-8F32-0CC8E7565705}") = "GameLibWebFramework", "GameLibWebFramework\GameLibWebFramework.fsproj", "{66F6B2FA-F3D4-4EE8-8DA3-BC698A28BBD2}"
EndProject
Project("{9A19103F-16F7-4668-BE54-9A1E7A4F7556}") = "SDL2-CS", "SDL2-CS\SDL2-CS.csproj", "{CC4D47EC-6A7D-4E67-9D82-B720DE7364C8}"
EndProject
Project("{6EC3EE1D-3C4E-46DD-8F32-0CC8E7565705}") = "FortAssaultWeb", "FortAssaultWeb\FortAssaultWeb.fsproj", "{9580012D-2EF9-4843-AEB9-E71A2DC5061F}"
EndProject
Project("{6EC3EE1D-3C4E-46DD-8F32-0CC8E7565705}") = "PacmanDesktop", "PacmanDesktop\PacmanDesktop.fsproj", "{8AF618CF-B7CC-43D5-8674-2CFE27DED0DB}"
EndProject
Project("{6EC3EE1D-3C4E-46DD-8F32-0CC8E7565705}") = "PacmanEngine", "PacmanEngine\PacmanEngine.fsproj", "{ECAADD95-4061-4861-90B3-7990A47E5A8F}"
EndProject
Project("{6EC3EE1D-3C4E-46DD-8F32-0CC8E7565705}") = "PacmanEngineTests", "PacmanEngineTests\PacmanEngineTests.fsproj", "{BFB59626-5EBE-496F-8429-49B82A304586}"
EndProject
Project("{6EC3EE1D-3C4E-46DD-8F32-0CC8E7565705}") = "PacmanWeb", "PacmanWeb\PacmanWeb.fsproj", "{8695259D-AB08-4CE5-ADDA-D8B9C761D61D}"
EndProject
Project("{6EC3EE1D-3C4E-46DD-8F32-0CC8E7565705}") = "FortAssaultResources", "FortAssaultResources\FortAssaultResources.fsproj", "{2BD141F7-CF00-434C-83D2-33B38EE36E4A}"
EndProject
Project("{6EC3EE1D-3C4E-46DD-8F32-0CC8E7565705}") = "PacmanResources", "PacmanResources\PacmanResources.fsproj", "{D7A0EB03-9860-42BD-86E9-09B7F78FDFBA}"
EndProject
Project("{6EC3EE1D-3C4E-46DD-8F32-0CC8E7565705}") = "MissionIIDesktop", "MissionIIDesktop\MissionIIDesktop.fsproj", "{68F0A701-D9EC-4B1C-9C3B-C3787EF66188}"
EndProject
Project("{6EC3EE1D-3C4E-46DD-8F32-0CC8E7565705}") = "MissionIIEngine", "MissionIIEngine\MissionIIEngine.fsproj", "{D2F26E13-ABC9-4F94-946A-8A9BF180A990}"
EndProject
Project("{6EC3EE1D-3C4E-46DD-8F32-0CC8E7565705}") = "MissionIIResources", "MissionIIResources\MissionIIResources.fsproj", "{F9AB41CF-AD7F-44AB-AAA3-F64211139EE8}"
EndProject
Project("{6EC3EE1D-3C4E-46DD-8F32-0CC8E7565705}") = "MissionIIWeb", "MissionIIWeb\MissionIIWeb.fsproj", "{8C677568-3CA1-4D6A-9F1D-906E3E5D522E}"
EndProject
Global
	GlobalSection(SolutionConfigurationPlatforms) = preSolution
		Debug|Any CPU = Debug|Any CPU
		Debug|x64 = Debug|x64
		Debug|x86 = Debug|x86
		Release|Any CPU = Release|Any CPU
		Release|x64 = Release|x64
		Release|x86 = Release|x86
	EndGlobalSection
	GlobalSection(ProjectConfigurationPlatforms) = postSolution
		{F98CA334-C050-421A-AFE6-A1C23C818346}.Debug|Any CPU.ActiveCfg = Debug|Any CPU
		{F98CA334-C050-421A-AFE6-A1C23C818346}.Debug|Any CPU.Build.0 = Debug|Any CPU
		{F98CA334-C050-421A-AFE6-A1C23C818346}.Debug|x64.ActiveCfg = Debug|Any CPU
		{F98CA334-C050-421A-AFE6-A1C23C818346}.Debug|x64.Build.0 = Debug|Any CPU
		{F98CA334-C050-421A-AFE6-A1C23C818346}.Debug|x86.ActiveCfg = Debug|Any CPU
		{F98CA334-C050-421A-AFE6-A1C23C818346}.Debug|x86.Build.0 = Debug|Any CPU
		{F98CA334-C050-421A-AFE6-A1C23C818346}.Release|Any CPU.ActiveCfg = Release|Any CPU
		{F98CA334-C050-421A-AFE6-A1C23C818346}.Release|Any CPU.Build.0 = Release|Any CPU
		{F98CA334-C050-421A-AFE6-A1C23C818346}.Release|x64.ActiveCfg = Release|Any CPU
		{F98CA334-C050-421A-AFE6-A1C23C818346}.Release|x64.Build.0 = Release|Any CPU
		{F98CA334-C050-421A-AFE6-A1C23C818346}.Release|x86.ActiveCfg = Release|Any CPU
		{F98CA334-C050-421A-AFE6-A1C23C818346}.Release|x86.Build.0 = Release|Any CPU
		{8B83A3F9-74DA-400B-AFCC-EA80C1748FEA}.Debug|Any CPU.ActiveCfg = Debug|Any CPU
		{8B83A3F9-74DA-400B-AFCC-EA80C1748FEA}.Debug|Any CPU.Build.0 = Debug|Any CPU
		{8B83A3F9-74DA-400B-AFCC-EA80C1748FEA}.Debug|x64.ActiveCfg = Debug|Any CPU
		{8B83A3F9-74DA-400B-AFCC-EA80C1748FEA}.Debug|x64.Build.0 = Debug|Any CPU
		{8B83A3F9-74DA-400B-AFCC-EA80C1748FEA}.Debug|x86.ActiveCfg = Debug|Any CPU
		{8B83A3F9-74DA-400B-AFCC-EA80C1748FEA}.Debug|x86.Build.0 = Debug|Any CPU
		{8B83A3F9-74DA-400B-AFCC-EA80C1748FEA}.Release|Any CPU.ActiveCfg = Release|Any CPU
		{8B83A3F9-74DA-400B-AFCC-EA80C1748FEA}.Release|Any CPU.Build.0 = Release|Any CPU
		{8B83A3F9-74DA-400B-AFCC-EA80C1748FEA}.Release|x64.ActiveCfg = Release|Any CPU
		{8B83A3F9-74DA-400B-AFCC-EA80C1748FEA}.Release|x64.Build.0 = Release|Any CPU
		{8B83A3F9-74DA-400B-AFCC-EA80C1748FEA}.Release|x86.ActiveCfg = Release|Any CPU
		{8B83A3F9-74DA-400B-AFCC-EA80C1748FEA}.Release|x86.Build.0 = Release|Any CPU
		{70B9D5FF-7A10-43A7-BC6C-7A38FE08FF25}.Debug|Any CPU.ActiveCfg = Debug|Any CPU
		{70B9D5FF-7A10-43A7-BC6C-7A38FE08FF25}.Debug|Any CPU.Build.0 = Debug|Any CPU
		{70B9D5FF-7A10-43A7-BC6C-7A38FE08FF25}.Debug|x64.ActiveCfg = Debug|Any CPU
		{70B9D5FF-7A10-43A7-BC6C-7A38FE08FF25}.Debug|x64.Build.0 = Debug|Any CPU
		{70B9D5FF-7A10-43A7-BC6C-7A38FE08FF25}.Debug|x86.ActiveCfg = Debug|Any CPU
		{70B9D5FF-7A10-43A7-BC6C-7A38FE08FF25}.Debug|x86.Build.0 = Debug|Any CPU
		{70B9D5FF-7A10-43A7-BC6C-7A38FE08FF25}.Release|Any CPU.ActiveCfg = Release|Any CPU
		{70B9D5FF-7A10-43A7-BC6C-7A38FE08FF25}.Release|Any CPU.Build.0 = Release|Any CPU
		{70B9D5FF-7A10-43A7-BC6C-7A38FE08FF25}.Release|x64.ActiveCfg = Release|Any CPU
		{70B9D5FF-7A10-43A7-BC6C-7A38FE08FF25}.Release|x64.Build.0 = Release|Any CPU
		{70B9D5FF-7A10-43A7-BC6C-7A38FE08FF25}.Release|x86.ActiveCfg = Release|Any CPU
		{70B9D5FF-7A10-43A7-BC6C-7A38FE08FF25}.Release|x86.Build.0 = Release|Any CPU
		{8B7E2923-9C25-4A24-B3F4-5323C88EDB4A}.Debug|Any CPU.ActiveCfg = Debug|Any CPU
		{8B7E2923-9C25-4A24-B3F4-5323C88EDB4A}.Debug|Any CPU.Build.0 = Debug|Any CPU
		{8B7E2923-9C25-4A24-B3F4-5323C88EDB4A}.Debug|x64.ActiveCfg = Debug|Any CPU
		{8B7E2923-9C25-4A24-B3F4-5323C88EDB4A}.Debug|x64.Build.0 = Debug|Any CPU
		{8B7E2923-9C25-4A24-B3F4-5323C88EDB4A}.Debug|x86.ActiveCfg = Debug|Any CPU
		{8B7E2923-9C25-4A24-B3F4-5323C88EDB4A}.Debug|x86.Build.0 = Debug|Any CPU
		{8B7E2923-9C25-4A24-B3F4-5323C88EDB4A}.Release|Any CPU.ActiveCfg = Release|Any CPU
		{8B7E2923-9C25-4A24-B3F4-5323C88EDB4A}.Release|Any CPU.Build.0 = Release|Any CPU
		{8B7E2923-9C25-4A24-B3F4-5323C88EDB4A}.Release|x64.ActiveCfg = Release|Any CPU
		{8B7E2923-9C25-4A24-B3F4-5323C88EDB4A}.Release|x64.Build.0 = Release|Any CPU
		{8B7E2923-9C25-4A24-B3F4-5323C88EDB4A}.Release|x86.ActiveCfg = Release|Any CPU
		{8B7E2923-9C25-4A24-B3F4-5323C88EDB4A}.Release|x86.Build.0 = Release|Any CPU
		{F4D216BC-A2D8-47EB-972C-D3030F6BB081}.Debug|Any CPU.ActiveCfg = Debug|Any CPU
		{F4D216BC-A2D8-47EB-972C-D3030F6BB081}.Debug|Any CPU.Build.0 = Debug|Any CPU
		{F4D216BC-A2D8-47EB-972C-D3030F6BB081}.Debug|x64.ActiveCfg = Debug|Any CPU
		{F4D216BC-A2D8-47EB-972C-D3030F6BB081}.Debug|x64.Build.0 = Debug|Any CPU
		{F4D216BC-A2D8-47EB-972C-D3030F6BB081}.Debug|x86.ActiveCfg = Debug|Any CPU
		{F4D216BC-A2D8-47EB-972C-D3030F6BB081}.Debug|x86.Build.0 = Debug|Any CPU
		{F4D216BC-A2D8-47EB-972C-D3030F6BB081}.Release|Any CPU.ActiveCfg = Release|Any CPU
		{F4D216BC-A2D8-47EB-972C-D3030F6BB081}.Release|Any CPU.Build.0 = Release|Any CPU
		{F4D216BC-A2D8-47EB-972C-D3030F6BB081}.Release|x64.ActiveCfg = Release|Any CPU
		{F4D216BC-A2D8-47EB-972C-D3030F6BB081}.Release|x64.Build.0 = Release|Any CPU
		{F4D216BC-A2D8-47EB-972C-D3030F6BB081}.Release|x86.ActiveCfg = Release|Any CPU
		{F4D216BC-A2D8-47EB-972C-D3030F6BB081}.Release|x86.Build.0 = Release|Any CPU
		{AEA3530F-9C15-41FA-B8CA-C00F59C284CE}.Debug|Any CPU.ActiveCfg = Debug|Any CPU
		{AEA3530F-9C15-41FA-B8CA-C00F59C284CE}.Debug|Any CPU.Build.0 = Debug|Any CPU
		{AEA3530F-9C15-41FA-B8CA-C00F59C284CE}.Debug|x64.ActiveCfg = Debug|Any CPU
		{AEA3530F-9C15-41FA-B8CA-C00F59C284CE}.Debug|x64.Build.0 = Debug|Any CPU
		{AEA3530F-9C15-41FA-B8CA-C00F59C284CE}.Debug|x86.ActiveCfg = Debug|Any CPU
		{AEA3530F-9C15-41FA-B8CA-C00F59C284CE}.Debug|x86.Build.0 = Debug|Any CPU
		{AEA3530F-9C15-41FA-B8CA-C00F59C284CE}.Release|Any CPU.ActiveCfg = Release|Any CPU
		{AEA3530F-9C15-41FA-B8CA-C00F59C284CE}.Release|Any CPU.Build.0 = Release|Any CPU
		{AEA3530F-9C15-41FA-B8CA-C00F59C284CE}.Release|x64.ActiveCfg = Release|Any CPU
		{AEA3530F-9C15-41FA-B8CA-C00F59C284CE}.Release|x64.Build.0 = Release|Any CPU
		{AEA3530F-9C15-41FA-B8CA-C00F59C284CE}.Release|x86.ActiveCfg = Release|Any CPU
		{AEA3530F-9C15-41FA-B8CA-C00F59C284CE}.Release|x86.Build.0 = Release|Any CPU
		{66F6B2FA-F3D4-4EE8-8DA3-BC698A28BBD2}.Debug|Any CPU.ActiveCfg = Debug|Any CPU
		{66F6B2FA-F3D4-4EE8-8DA3-BC698A28BBD2}.Debug|Any CPU.Build.0 = Debug|Any CPU
		{66F6B2FA-F3D4-4EE8-8DA3-BC698A28BBD2}.Debug|x64.ActiveCfg = Debug|Any CPU
		{66F6B2FA-F3D4-4EE8-8DA3-BC698A28BBD2}.Debug|x64.Build.0 = Debug|Any CPU
		{66F6B2FA-F3D4-4EE8-8DA3-BC698A28BBD2}.Debug|x86.ActiveCfg = Debug|Any CPU
		{66F6B2FA-F3D4-4EE8-8DA3-BC698A28BBD2}.Debug|x86.Build.0 = Debug|Any CPU
		{66F6B2FA-F3D4-4EE8-8DA3-BC698A28BBD2}.Release|Any CPU.ActiveCfg = Release|Any CPU
		{66F6B2FA-F3D4-4EE8-8DA3-BC698A28BBD2}.Release|Any CPU.Build.0 = Release|Any CPU
		{66F6B2FA-F3D4-4EE8-8DA3-BC698A28BBD2}.Release|x64.ActiveCfg = Release|Any CPU
		{66F6B2FA-F3D4-4EE8-8DA3-BC698A28BBD2}.Release|x64.Build.0 = Release|Any CPU
		{66F6B2FA-F3D4-4EE8-8DA3-BC698A28BBD2}.Release|x86.ActiveCfg = Release|Any CPU
		{66F6B2FA-F3D4-4EE8-8DA3-BC698A28BBD2}.Release|x86.Build.0 = Release|Any CPU
		{CC4D47EC-6A7D-4E67-9D82-B720DE7364C8}.Debug|Any CPU.ActiveCfg = Debug|Any CPU
		{CC4D47EC-6A7D-4E67-9D82-B720DE7364C8}.Debug|Any CPU.Build.0 = Debug|Any CPU
		{CC4D47EC-6A7D-4E67-9D82-B720DE7364C8}.Debug|x64.ActiveCfg = Debug|Any CPU
		{CC4D47EC-6A7D-4E67-9D82-B720DE7364C8}.Debug|x64.Build.0 = Debug|Any CPU
		{CC4D47EC-6A7D-4E67-9D82-B720DE7364C8}.Debug|x86.ActiveCfg = Debug|Any CPU
		{CC4D47EC-6A7D-4E67-9D82-B720DE7364C8}.Debug|x86.Build.0 = Debug|Any CPU
		{CC4D47EC-6A7D-4E67-9D82-B720DE7364C8}.Release|Any CPU.ActiveCfg = Release|Any CPU
		{CC4D47EC-6A7D-4E67-9D82-B720DE7364C8}.Release|Any CPU.Build.0 = Release|Any CPU
		{CC4D47EC-6A7D-4E67-9D82-B720DE7364C8}.Release|x64.ActiveCfg = Release|Any CPU
		{CC4D47EC-6A7D-4E67-9D82-B720DE7364C8}.Release|x64.Build.0 = Release|Any CPU
		{CC4D47EC-6A7D-4E67-9D82-B720DE7364C8}.Release|x86.ActiveCfg = Release|Any CPU
		{CC4D47EC-6A7D-4E67-9D82-B720DE7364C8}.Release|x86.Build.0 = Release|Any CPU
		{9580012D-2EF9-4843-AEB9-E71A2DC5061F}.Debug|Any CPU.ActiveCfg = Debug|Any CPU
		{9580012D-2EF9-4843-AEB9-E71A2DC5061F}.Debug|Any CPU.Build.0 = Debug|Any CPU
		{9580012D-2EF9-4843-AEB9-E71A2DC5061F}.Debug|x64.ActiveCfg = Debug|Any CPU
		{9580012D-2EF9-4843-AEB9-E71A2DC5061F}.Debug|x64.Build.0 = Debug|Any CPU
		{9580012D-2EF9-4843-AEB9-E71A2DC5061F}.Debug|x86.ActiveCfg = Debug|Any CPU
		{9580012D-2EF9-4843-AEB9-E71A2DC5061F}.Debug|x86.Build.0 = Debug|Any CPU
		{9580012D-2EF9-4843-AEB9-E71A2DC5061F}.Release|Any CPU.ActiveCfg = Release|Any CPU
		{9580012D-2EF9-4843-AEB9-E71A2DC5061F}.Release|Any CPU.Build.0 = Release|Any CPU
		{9580012D-2EF9-4843-AEB9-E71A2DC5061F}.Release|x64.ActiveCfg = Release|Any CPU
		{9580012D-2EF9-4843-AEB9-E71A2DC5061F}.Release|x64.Build.0 = Release|Any CPU
		{9580012D-2EF9-4843-AEB9-E71A2DC5061F}.Release|x86.ActiveCfg = Release|Any CPU
		{9580012D-2EF9-4843-AEB9-E71A2DC5061F}.Release|x86.Build.0 = Release|Any CPU
		{8AF618CF-B7CC-43D5-8674-2CFE27DED0DB}.Debug|Any CPU.ActiveCfg = Debug|Any CPU
		{8AF618CF-B7CC-43D5-8674-2CFE27DED0DB}.Debug|Any CPU.Build.0 = Debug|Any CPU
		{8AF618CF-B7CC-43D5-8674-2CFE27DED0DB}.Debug|x64.ActiveCfg = Debug|Any CPU
		{8AF618CF-B7CC-43D5-8674-2CFE27DED0DB}.Debug|x64.Build.0 = Debug|Any CPU
		{8AF618CF-B7CC-43D5-8674-2CFE27DED0DB}.Debug|x86.ActiveCfg = Debug|Any CPU
		{8AF618CF-B7CC-43D5-8674-2CFE27DED0DB}.Debug|x86.Build.0 = Debug|Any CPU
		{8AF618CF-B7CC-43D5-8674-2CFE27DED0DB}.Release|Any CPU.ActiveCfg = Release|Any CPU
		{8AF618CF-B7CC-43D5-8674-2CFE27DED0DB}.Release|Any CPU.Build.0 = Release|Any CPU
		{8AF618CF-B7CC-43D5-8674-2CFE27DED0DB}.Release|x64.ActiveCfg = Release|Any CPU
		{8AF618CF-B7CC-43D5-8674-2CFE27DED0DB}.Release|x64.Build.0 = Release|Any CPU
		{8AF618CF-B7CC-43D5-8674-2CFE27DED0DB}.Release|x86.ActiveCfg = Release|Any CPU
		{8AF618CF-B7CC-43D5-8674-2CFE27DED0DB}.Release|x86.Build.0 = Release|Any CPU
		{ECAADD95-4061-4861-90B3-7990A47E5A8F}.Debug|Any CPU.ActiveCfg = Debug|Any CPU
		{ECAADD95-4061-4861-90B3-7990A47E5A8F}.Debug|Any CPU.Build.0 = Debug|Any CPU
		{ECAADD95-4061-4861-90B3-7990A47E5A8F}.Debug|x64.ActiveCfg = Debug|Any CPU
		{ECAADD95-4061-4861-90B3-7990A47E5A8F}.Debug|x64.Build.0 = Debug|Any CPU
		{ECAADD95-4061-4861-90B3-7990A47E5A8F}.Debug|x86.ActiveCfg = Debug|Any CPU
		{ECAADD95-4061-4861-90B3-7990A47E5A8F}.Debug|x86.Build.0 = Debug|Any CPU
		{ECAADD95-4061-4861-90B3-7990A47E5A8F}.Release|Any CPU.ActiveCfg = Release|Any CPU
		{ECAADD95-4061-4861-90B3-7990A47E5A8F}.Release|Any CPU.Build.0 = Release|Any CPU
		{ECAADD95-4061-4861-90B3-7990A47E5A8F}.Release|x64.ActiveCfg = Release|Any CPU
		{ECAADD95-4061-4861-90B3-7990A47E5A8F}.Release|x64.Build.0 = Release|Any CPU
		{ECAADD95-4061-4861-90B3-7990A47E5A8F}.Release|x86.ActiveCfg = Release|Any CPU
		{ECAADD95-4061-4861-90B3-7990A47E5A8F}.Release|x86.Build.0 = Release|Any CPU
		{BFB59626-5EBE-496F-8429-49B82A304586}.Debug|Any CPU.ActiveCfg = Debug|Any CPU
		{BFB59626-5EBE-496F-8429-49B82A304586}.Debug|Any CPU.Build.0 = Debug|Any CPU
		{BFB59626-5EBE-496F-8429-49B82A304586}.Debug|x64.ActiveCfg = Debug|Any CPU
		{BFB59626-5EBE-496F-8429-49B82A304586}.Debug|x64.Build.0 = Debug|Any CPU
		{BFB59626-5EBE-496F-8429-49B82A304586}.Debug|x86.ActiveCfg = Debug|Any CPU
		{BFB59626-5EBE-496F-8429-49B82A304586}.Debug|x86.Build.0 = Debug|Any CPU
		{BFB59626-5EBE-496F-8429-49B82A304586}.Release|Any CPU.ActiveCfg = Release|Any CPU
		{BFB59626-5EBE-496F-8429-49B82A304586}.Release|Any CPU.Build.0 = Release|Any CPU
		{BFB59626-5EBE-496F-8429-49B82A304586}.Release|x64.ActiveCfg = Release|Any CPU
		{BFB59626-5EBE-496F-8429-49B82A304586}.Release|x64.Build.0 = Release|Any CPU
		{BFB59626-5EBE-496F-8429-49B82A304586}.Release|x86.ActiveCfg = Release|Any CPU
		{BFB59626-5EBE-496F-8429-49B82A304586}.Release|x86.Build.0 = Release|Any CPU
		{8695259D-AB08-4CE5-ADDA-D8B9C761D61D}.Debug|Any CPU.ActiveCfg = Debug|Any CPU
		{8695259D-AB08-4CE5-ADDA-D8B9C761D61D}.Debug|Any CPU.Build.0 = Debug|Any CPU
		{8695259D-AB08-4CE5-ADDA-D8B9C761D61D}.Debug|x64.ActiveCfg = Debug|Any CPU
		{8695259D-AB08-4CE5-ADDA-D8B9C761D61D}.Debug|x64.Build.0 = Debug|Any CPU
		{8695259D-AB08-4CE5-ADDA-D8B9C761D61D}.Debug|x86.ActiveCfg = Debug|Any CPU
		{8695259D-AB08-4CE5-ADDA-D8B9C761D61D}.Debug|x86.Build.0 = Debug|Any CPU
		{8695259D-AB08-4CE5-ADDA-D8B9C761D61D}.Release|Any CPU.ActiveCfg = Release|Any CPU
		{8695259D-AB08-4CE5-ADDA-D8B9C761D61D}.Release|Any CPU.Build.0 = Release|Any CPU
		{8695259D-AB08-4CE5-ADDA-D8B9C761D61D}.Release|x64.ActiveCfg = Release|Any CPU
		{8695259D-AB08-4CE5-ADDA-D8B9C761D61D}.Release|x64.Build.0 = Release|Any CPU
		{8695259D-AB08-4CE5-ADDA-D8B9C761D61D}.Release|x86.ActiveCfg = Release|Any CPU
		{8695259D-AB08-4CE5-ADDA-D8B9C761D61D}.Release|x86.Build.0 = Release|Any CPU
		{2BD141F7-CF00-434C-83D2-33B38EE36E4A}.Debug|Any CPU.ActiveCfg = Debug|Any CPU
		{2BD141F7-CF00-434C-83D2-33B38EE36E4A}.Debug|Any CPU.Build.0 = Debug|Any CPU
		{2BD141F7-CF00-434C-83D2-33B38EE36E4A}.Debug|x64.ActiveCfg = Debug|Any CPU
		{2BD141F7-CF00-434C-83D2-33B38EE36E4A}.Debug|x64.Build.0 = Debug|Any CPU
		{2BD141F7-CF00-434C-83D2-33B38EE36E4A}.Debug|x86.ActiveCfg = Debug|Any CPU
		{2BD141F7-CF00-434C-83D2-33B38EE36E4A}.Debug|x86.Build.0 = Debug|Any CPU
		{2BD141F7-CF00-434C-83D2-33B38EE36E4A}.Release|Any CPU.ActiveCfg = Release|Any CPU
		{2BD141F7-CF00-434C-83D2-33B38EE36E4A}.Release|Any CPU.Build.0 = Release|Any CPU
		{2BD141F7-CF00-434C-83D2-33B38EE36E4A}.Release|x64.ActiveCfg = Release|Any CPU
		{2BD141F7-CF00-434C-83D2-33B38EE36E4A}.Release|x64.Build.0 = Release|Any CPU
		{2BD141F7-CF00-434C-83D2-33B38EE36E4A}.Release|x86.ActiveCfg = Release|Any CPU
		{2BD141F7-CF00-434C-83D2-33B38EE36E4A}.Release|x86.Build.0 = Release|Any CPU
		{D7A0EB03-9860-42BD-86E9-09B7F78FDFBA}.Debug|Any CPU.ActiveCfg = Debug|Any CPU
		{D7A0EB03-9860-42BD-86E9-09B7F78FDFBA}.Debug|Any CPU.Build.0 = Debug|Any CPU
		{D7A0EB03-9860-42BD-86E9-09B7F78FDFBA}.Debug|x64.ActiveCfg = Debug|Any CPU
		{D7A0EB03-9860-42BD-86E9-09B7F78FDFBA}.Debug|x64.Build.0 = Debug|Any CPU
		{D7A0EB03-9860-42BD-86E9-09B7F78FDFBA}.Debug|x86.ActiveCfg = Debug|Any CPU
		{D7A0EB03-9860-42BD-86E9-09B7F78FDFBA}.Debug|x86.Build.0 = Debug|Any CPU
		{D7A0EB03-9860-42BD-86E9-09B7F78FDFBA}.Release|Any CPU.ActiveCfg = Release|Any CPU
		{D7A0EB03-9860-42BD-86E9-09B7F78FDFBA}.Release|Any CPU.Build.0 = Release|Any CPU
		{D7A0EB03-9860-42BD-86E9-09B7F78FDFBA}.Release|x64.ActiveCfg = Release|Any CPU
		{D7A0EB03-9860-42BD-86E9-09B7F78FDFBA}.Release|x64.Build.0 = Release|Any CPU
		{D7A0EB03-9860-42BD-86E9-09B7F78FDFBA}.Release|x86.ActiveCfg = Release|Any CPU
		{D7A0EB03-9860-42BD-86E9-09B7F78FDFBA}.Release|x86.Build.0 = Release|Any CPU
		{68F0A701-D9EC-4B1C-9C3B-C3787EF66188}.Debug|Any CPU.ActiveCfg = Debug|Any CPU
		{68F0A701-D9EC-4B1C-9C3B-C3787EF66188}.Debug|Any CPU.Build.0 = Debug|Any CPU
		{68F0A701-D9EC-4B1C-9C3B-C3787EF66188}.Debug|x64.ActiveCfg = Debug|Any CPU
		{68F0A701-D9EC-4B1C-9C3B-C3787EF66188}.Debug|x64.Build.0 = Debug|Any CPU
		{68F0A701-D9EC-4B1C-9C3B-C3787EF66188}.Debug|x86.ActiveCfg = Debug|Any CPU
		{68F0A701-D9EC-4B1C-9C3B-C3787EF66188}.Debug|x86.Build.0 = Debug|Any CPU
		{68F0A701-D9EC-4B1C-9C3B-C3787EF66188}.Release|Any CPU.ActiveCfg = Release|Any CPU
		{68F0A701-D9EC-4B1C-9C3B-C3787EF66188}.Release|Any CPU.Build.0 = Release|Any CPU
		{68F0A701-D9EC-4B1C-9C3B-C3787EF66188}.Release|x64.ActiveCfg = Release|Any CPU
		{68F0A701-D9EC-4B1C-9C3B-C3787EF66188}.Release|x64.Build.0 = Release|Any CPU
		{68F0A701-D9EC-4B1C-9C3B-C3787EF66188}.Release|x86.ActiveCfg = Release|Any CPU
		{68F0A701-D9EC-4B1C-9C3B-C3787EF66188}.Release|x86.Build.0 = Release|Any CPU
		{D2F26E13-ABC9-4F94-946A-8A9BF180A990}.Debug|Any CPU.ActiveCfg = Debug|Any CPU
		{D2F26E13-ABC9-4F94-946A-8A9BF180A990}.Debug|Any CPU.Build.0 = Debug|Any CPU
		{D2F26E13-ABC9-4F94-946A-8A9BF180A990}.Debug|x64.ActiveCfg = Debug|Any CPU
		{D2F26E13-ABC9-4F94-946A-8A9BF180A990}.Debug|x64.Build.0 = Debug|Any CPU
		{D2F26E13-ABC9-4F94-946A-8A9BF180A990}.Debug|x86.ActiveCfg = Debug|Any CPU
		{D2F26E13-ABC9-4F94-946A-8A9BF180A990}.Debug|x86.Build.0 = Debug|Any CPU
		{D2F26E13-ABC9-4F94-946A-8A9BF180A990}.Release|Any CPU.ActiveCfg = Release|Any CPU
		{D2F26E13-ABC9-4F94-946A-8A9BF180A990}.Release|Any CPU.Build.0 = Release|Any CPU
		{D2F26E13-ABC9-4F94-946A-8A9BF180A990}.Release|x64.ActiveCfg = Release|Any CPU
		{D2F26E13-ABC9-4F94-946A-8A9BF180A990}.Release|x64.Build.0 = Release|Any CPU
		{D2F26E13-ABC9-4F94-946A-8A9BF180A990}.Release|x86.ActiveCfg = Release|Any CPU
		{D2F26E13-ABC9-4F94-946A-8A9BF180A990}.Release|x86.Build.0 = Release|Any CPU
		{F9AB41CF-AD7F-44AB-AAA3-F64211139EE8}.Debug|Any CPU.ActiveCfg = Debug|Any CPU
		{F9AB41CF-AD7F-44AB-AAA3-F64211139EE8}.Debug|Any CPU.Build.0 = Debug|Any CPU
		{F9AB41CF-AD7F-44AB-AAA3-F64211139EE8}.Debug|x64.ActiveCfg = Debug|Any CPU
		{F9AB41CF-AD7F-44AB-AAA3-F64211139EE8}.Debug|x64.Build.0 = Debug|Any CPU
		{F9AB41CF-AD7F-44AB-AAA3-F64211139EE8}.Debug|x86.ActiveCfg = Debug|Any CPU
		{F9AB41CF-AD7F-44AB-AAA3-F64211139EE8}.Debug|x86.Build.0 = Debug|Any CPU
		{F9AB41CF-AD7F-44AB-AAA3-F64211139EE8}.Release|Any CPU.ActiveCfg = Release|Any CPU
		{F9AB41CF-AD7F-44AB-AAA3-F64211139EE8}.Release|Any CPU.Build.0 = Release|Any CPU
		{F9AB41CF-AD7F-44AB-AAA3-F64211139EE8}.Release|x64.ActiveCfg = Release|Any CPU
		{F9AB41CF-AD7F-44AB-AAA3-F64211139EE8}.Release|x64.Build.0 = Release|Any CPU
		{F9AB41CF-AD7F-44AB-AAA3-F64211139EE8}.Release|x86.ActiveCfg = Release|Any CPU
		{F9AB41CF-AD7F-44AB-AAA3-F64211139EE8}.Release|x86.Build.0 = Release|Any CPU
		{8C677568-3CA1-4D6A-9F1D-906E3E5D522E}.Debug|Any CPU.ActiveCfg = Debug|Any CPU
		{8C677568-3CA1-4D6A-9F1D-906E3E5D522E}.Debug|Any CPU.Build.0 = Debug|Any CPU
		{8C677568-3CA1-4D6A-9F1D-906E3E5D522E}.Debug|x64.ActiveCfg = Debug|Any CPU
		{8C677568-3CA1-4D6A-9F1D-906E3E5D522E}.Debug|x64.Build.0 = Debug|Any CPU
		{8C677568-3CA1-4D6A-9F1D-906E3E5D522E}.Debug|x86.ActiveCfg = Debug|Any CPU
		{8C677568-3CA1-4D6A-9F1D-906E3E5D522E}.Debug|x86.Build.0 = Debug|Any CPU
		{8C677568-3CA1-4D6A-9F1D-906E3E5D522E}.Release|Any CPU.ActiveCfg = Release|Any CPU
		{8C677568-3CA1-4D6A-9F1D-906E3E5D522E}.Release|Any CPU.Build.0 = Release|Any CPU
		{8C677568-3CA1-4D6A-9F1D-906E3E5D522E}.Release|x64.ActiveCfg = Release|Any CPU
		{8C677568-3CA1-4D6A-9F1D-906E3E5D522E}.Release|x64.Build.0 = Release|Any CPU
		{8C677568-3CA1-4D6A-9F1D-906E3E5D522E}.Release|x86.ActiveCfg = Release|Any CPU
		{8C677568-3CA1-4D6A-9F1D-906E3E5D522E}.Release|x86.Build.0 = Release|Any CPU
	EndGlobalSection
	GlobalSection(SolutionProperties) = preSolution
		HideSolutionNode = FALSE
	EndGlobalSection
	GlobalSection(ExtensibilityGlobals) = postSolution
		SolutionGuid = {C020136A-7C29-4558-AAE3-DC2D8C5FCBF7}
	EndGlobalSection
EndGlobal
